e9d9d43cf4919e005f3d00e4c22c258ea763574f097c036b9a2e25e918af7de2  products.frame.png
b5958b6ba2fceb32ffc763e7165949b503774f0d56c6e181e52076b5ce961dfd  settings.frame.png
43bc827c6d0b2416a5680ce33e869380a24715230c1f769bcb85c76e7ed56264  token_session.frame.png
d5ae961b463541e135da10850ed6b452fa8cf97d51614cf23ed6a9520a5c4f7b  verification_details.frame.png
d5f94668f1c941c159dc002e686901a6f011b36fd9d6375be251489740de1ca6  verifications.frame.png
