6504a974ba06e10b550758bddc5d7e7738c525b76eac52a420a595bc7ff1b707  products.frame.png
28bf9d5d53119bc78a8757788717f106f06b357d74a10fb6dcc1074059072be9  settings.frame.png
27ec073e85f1aef200035152c7e8f9e20a9e1b3f1b7cffe8e947d93afcc93c9f  token_session.frame.png
d5ae961b463541e135da10850ed6b452fa8cf97d51614cf23ed6a9520a5c4f7b  verification_details.frame.png
d5f94668f1c941c159dc002e686901a6f011b36fd9d6375be251489740de1ca6  verifications.frame.png
